
Microsoft Visual Studio Solution File, Format Version 12.00
# Visual Studio Version 16
VisualStudioVersion = 16.0.28803.352
MinimumVisualStudioVersion = 10.0.40219.1
Project("{FAE04EC0-301F-11D3-BF4B-00C04F79EFBC}") = "ESIDIF", "ESIDIF\ESIDIF.csproj", "{6254F5CD-5086-44C1-A145-937C4AA6622A}"
EndProject
Project("{FAE04EC0-301F-11D3-BF4B-00C04F79EFBC}") = "ESIDIFC75", "ESIDIFC75\ESIDIFC75.csproj", "{06AAF19C-8DC7-4BCE-B71F-8EAD817F943D}"
EndProject
Global
	GlobalSection(SolutionConfigurationPlatforms) = preSolution
		Debug|Any CPU = Debug|Any CPU
		Release|Any CPU = Release|Any CPU
	EndGlobalSection
	GlobalSection(ProjectConfigurationPlatforms) = postSolution
		{6254F5CD-5086-44C1-A145-937C4AA6622A}.Debug|Any CPU.ActiveCfg = Debug|Any CPU
		{6254F5CD-5086-44C1-A145-937C4AA6622A}.Debug|Any CPU.Build.0 = Debug|Any CPU
		{6254F5CD-5086-44C1-A145-937C4AA6622A}.Release|Any CPU.ActiveCfg = Release|Any CPU
		{6254F5CD-5086-44C1-A145-937C4AA6622A}.Release|Any CPU.Build.0 = Release|Any CPU
		{06AAF19C-8DC7-4BCE-B71F-8EAD817F943D}.Debug|Any CPU.ActiveCfg = Debug|Any CPU
		{06AAF19C-8DC7-4BCE-B71F-8EAD817F943D}.Debug|Any CPU.Build.0 = Debug|Any CPU
		{06AAF19C-8DC7-4BCE-B71F-8EAD817F943D}.Release|Any CPU.ActiveCfg = Release|Any CPU
		{06AAF19C-8DC7-4BCE-B71F-8EAD817F943D}.Release|Any CPU.Build.0 = Release|Any CPU
	EndGlobalSection
	GlobalSection(SolutionProperties) = preSolution
		HideSolutionNode = FALSE
	EndGlobalSection
	GlobalSection(ExtensibilityGlobals) = postSolution
		SolutionGuid = {F087A220-2370-4520-B9D1-CC41C30F6D21}
	EndGlobalSection
EndGlobal
