
Microsoft Visual Studio Solution File, Format Version 12.00
# Visual Studio 15
VisualStudioVersion = 15.0.28307.757
MinimumVisualStudioVersion = 10.0.40219.1
Project("{9A19103F-16F7-4668-BE54-9A1E7A4F7556}") = "ESIDIFAcumuladores", "ESIDIFAcumuladores\ESIDIFAcumuladores.csproj", "{41844944-73AA-48A0-8189-E9715BB25D25}"
EndProject
Project("{9A19103F-16F7-4668-BE54-9A1E7A4F7556}") = "ESIDIF", "ESIDIF\ESIDIF.csproj", "{DCF3F131-1102-411B-A601-BD5C45E4F9A9}"
EndProject
Project("{9A19103F-16F7-4668-BE54-9A1E7A4F7556}") = "ESIDIFCRGOV", "ESIDIFCRGOV\ESIDIFCRGOV.csproj", "{15F954AF-A033-4DC0-98B9-69C703F213DB}"
EndProject
Project("{FAE04EC0-301F-11D3-BF4B-00C04F79EFBC}") = "ESIDIFCredito", "ESIDIFCredito\ESIDIFCredito.csproj", "{B352726B-FF2F-4931-B2DA-5A009AD8934B}"
EndProject
Project("{FAE04EC0-301F-11D3-BF4B-00C04F79EFBC}") = "ESIDIFLegacy", "ESIDIFLegacy\ESIDIFLegacy.csproj", "{6A6CF5DC-CAD0-4856-9229-9410F47C13F0}"
EndProject
Project("{FAE04EC0-301F-11D3-BF4B-00C04F79EFBC}") = "ESIDIFCommon", "ESIDIFCommon\ESIDIFCommon.csproj", "{9D195B79-B596-4A4A-BE0E-2BFE6EF10246}"
EndProject
Project("{FAE04EC0-301F-11D3-BF4B-00C04F79EFBC}") = "ESIDIFC75", "ESIDIFC75\ESIDIFC75.csproj", "{2C8AFA0D-23D2-4E21-A158-A7DF316BDC7F}"
EndProject
Project("{FAE04EC0-301F-11D3-BF4B-00C04F79EFBC}") = "ESIDIFLimitativa", "ESIDIFLimitativa\ESIDIFLimitativa.csproj", "{625D19B9-034E-4A9F-B9DE-9FE123F390DD}"
EndProject
Project("{FAE04EC0-301F-11D3-BF4B-00C04F79EFBC}") = "ESIDIFCuota", "ESIDIFCuota\ESIDIFCuota.csproj", "{73BB5629-2C7A-454F-9743-08202ACCBC3F}"
EndProject
Global
	GlobalSection(SolutionConfigurationPlatforms) = preSolution
		Debug|Any CPU = Debug|Any CPU
		Release|Any CPU = Release|Any CPU
	EndGlobalSection
	GlobalSection(ProjectConfigurationPlatforms) = postSolution
		{41844944-73AA-48A0-8189-E9715BB25D25}.Debug|Any CPU.ActiveCfg = Debug|Any CPU
		{41844944-73AA-48A0-8189-E9715BB25D25}.Debug|Any CPU.Build.0 = Debug|Any CPU
		{41844944-73AA-48A0-8189-E9715BB25D25}.Release|Any CPU.ActiveCfg = Release|Any CPU
		{41844944-73AA-48A0-8189-E9715BB25D25}.Release|Any CPU.Build.0 = Release|Any CPU
		{DCF3F131-1102-411B-A601-BD5C45E4F9A9}.Debug|Any CPU.ActiveCfg = Debug|Any CPU
		{DCF3F131-1102-411B-A601-BD5C45E4F9A9}.Debug|Any CPU.Build.0 = Debug|Any CPU
		{DCF3F131-1102-411B-A601-BD5C45E4F9A9}.Release|Any CPU.ActiveCfg = Release|Any CPU
		{DCF3F131-1102-411B-A601-BD5C45E4F9A9}.Release|Any CPU.Build.0 = Release|Any CPU
		{15F954AF-A033-4DC0-98B9-69C703F213DB}.Debug|Any CPU.ActiveCfg = Debug|Any CPU
		{15F954AF-A033-4DC0-98B9-69C703F213DB}.Debug|Any CPU.Build.0 = Debug|Any CPU
		{15F954AF-A033-4DC0-98B9-69C703F213DB}.Release|Any CPU.ActiveCfg = Release|Any CPU
		{15F954AF-A033-4DC0-98B9-69C703F213DB}.Release|Any CPU.Build.0 = Release|Any CPU
		{B352726B-FF2F-4931-B2DA-5A009AD8934B}.Debug|Any CPU.ActiveCfg = Debug|Any CPU
		{B352726B-FF2F-4931-B2DA-5A009AD8934B}.Debug|Any CPU.Build.0 = Debug|Any CPU
		{B352726B-FF2F-4931-B2DA-5A009AD8934B}.Release|Any CPU.ActiveCfg = Release|Any CPU
		{B352726B-FF2F-4931-B2DA-5A009AD8934B}.Release|Any CPU.Build.0 = Release|Any CPU
		{6A6CF5DC-CAD0-4856-9229-9410F47C13F0}.Debug|Any CPU.ActiveCfg = Debug|Any CPU
		{6A6CF5DC-CAD0-4856-9229-9410F47C13F0}.Debug|Any CPU.Build.0 = Debug|Any CPU
		{6A6CF5DC-CAD0-4856-9229-9410F47C13F0}.Release|Any CPU.ActiveCfg = Release|Any CPU
		{6A6CF5DC-CAD0-4856-9229-9410F47C13F0}.Release|Any CPU.Build.0 = Release|Any CPU
		{9D195B79-B596-4A4A-BE0E-2BFE6EF10246}.Debug|Any CPU.ActiveCfg = Debug|Any CPU
		{9D195B79-B596-4A4A-BE0E-2BFE6EF10246}.Debug|Any CPU.Build.0 = Debug|Any CPU
		{9D195B79-B596-4A4A-BE0E-2BFE6EF10246}.Release|Any CPU.ActiveCfg = Release|Any CPU
		{9D195B79-B596-4A4A-BE0E-2BFE6EF10246}.Release|Any CPU.Build.0 = Release|Any CPU
		{2C8AFA0D-23D2-4E21-A158-A7DF316BDC7F}.Debug|Any CPU.ActiveCfg = Debug|Any CPU
		{2C8AFA0D-23D2-4E21-A158-A7DF316BDC7F}.Debug|Any CPU.Build.0 = Debug|Any CPU
		{2C8AFA0D-23D2-4E21-A158-A7DF316BDC7F}.Release|Any CPU.ActiveCfg = Release|Any CPU
		{2C8AFA0D-23D2-4E21-A158-A7DF316BDC7F}.Release|Any CPU.Build.0 = Release|Any CPU
		{625D19B9-034E-4A9F-B9DE-9FE123F390DD}.Debug|Any CPU.ActiveCfg = Debug|Any CPU
		{625D19B9-034E-4A9F-B9DE-9FE123F390DD}.Debug|Any CPU.Build.0 = Debug|Any CPU
		{625D19B9-034E-4A9F-B9DE-9FE123F390DD}.Release|Any CPU.ActiveCfg = Release|Any CPU
		{625D19B9-034E-4A9F-B9DE-9FE123F390DD}.Release|Any CPU.Build.0 = Release|Any CPU
		{73BB5629-2C7A-454F-9743-08202ACCBC3F}.Debug|Any CPU.ActiveCfg = Debug|Any CPU
		{73BB5629-2C7A-454F-9743-08202ACCBC3F}.Debug|Any CPU.Build.0 = Debug|Any CPU
		{73BB5629-2C7A-454F-9743-08202ACCBC3F}.Release|Any CPU.ActiveCfg = Release|Any CPU
		{73BB5629-2C7A-454F-9743-08202ACCBC3F}.Release|Any CPU.Build.0 = Release|Any CPU
	EndGlobalSection
	GlobalSection(SolutionProperties) = preSolution
		HideSolutionNode = FALSE
	EndGlobalSection
	GlobalSection(ExtensibilityGlobals) = postSolution
		SolutionGuid = {F087A220-2370-4520-B9D1-CC41C30F6D21}
	EndGlobalSection
EndGlobal
